// !$*UTF8*$!
{
	archiveVersion = 1;
	classes = {
	};
	objectVersion = 55;
	objects = {

/* Begin PBXBuildFile section */
		0CD8CACF28B91463007901B2 /* AppDelegate.swift in Sources */ = {isa = PBXBuildFile; fileRef = 0CD8CACE28B91463007901B2 /* AppDelegate.swift */; };
		0CD8CAD128B91463007901B2 /* SceneDelegate.swift in Sources */ = {isa = PBXBuildFile; fileRef = 0CD8CAD028B91463007901B2 /* SceneDelegate.swift */; };
		0CD8CAD328B91463007901B2 /* RootViewController.swift in Sources */ = {isa = PBXBuildFile; fileRef = 0CD8CAD228B91463007901B2 /* RootViewController.swift */; };
		0CD8CAD628B91463007901B2 /* Main.storyboard in Resources */ = {isa = PBXBuildFile; fileRef = 0CD8CAD428B91463007901B2 /* Main.storyboard */; };
		0CD8CAD928B91463007901B2 /* BikeTracker.xcdatamodeld in Sources */ = {isa = PBXBuildFile; fileRef = 0CD8CAD728B91463007901B2 /* BikeTracker.xcdatamodeld */; };
		0CD8CADB28B91466007901B2 /* Assets.xcassets in Resources */ = {isa = PBXBuildFile; fileRef = 0CD8CADA28B91466007901B2 /* Assets.xcassets */; };
		0CD8CADE28B91466007901B2 /* LaunchScreen.storyboard in Resources */ = {isa = PBXBuildFile; fileRef = 0CD8CADC28B91466007901B2 /* LaunchScreen.storyboard */; };
		0CD8CAE928B91466007901B2 /* BikeTrackerTests.swift in Sources */ = {isa = PBXBuildFile; fileRef = 0CD8CAE828B91466007901B2 /* BikeTrackerTests.swift */; };
		0CD8CAF328B91466007901B2 /* BikeTrackerUITests.swift in Sources */ = {isa = PBXBuildFile; fileRef = 0CD8CAF228B91466007901B2 /* BikeTrackerUITests.swift */; };
		0CD8CAF528B91466007901B2 /* BikeTrackerUITestsLaunchTests.swift in Sources */ = {isa = PBXBuildFile; fileRef = 0CD8CAF428B91466007901B2 /* BikeTrackerUITestsLaunchTests.swift */; };
		0CD8CB1028B91E21007901B2 /* Onboarding+CoreDataClass.swift in Sources */ = {isa = PBXBuildFile; fileRef = 0CD8CB0E28B91E21007901B2 /* Onboarding+CoreDataClass.swift */; };
		0CD8CB1128B91E21007901B2 /* Onboarding+CoreDataProperties.swift in Sources */ = {isa = PBXBuildFile; fileRef = 0CD8CB0F28B91E21007901B2 /* Onboarding+CoreDataProperties.swift */; };
		0CD8CB1428B91EA4007901B2 /* LocalDataManager.swift in Sources */ = {isa = PBXBuildFile; fileRef = 0CD8CB1328B91EA4007901B2 /* LocalDataManager.swift */; };
		0CD8CB1628B91F08007901B2 /* ActiveRecord+NSManagedObject.swift in Sources */ = {isa = PBXBuildFile; fileRef = 0CD8CB1528B91F08007901B2 /* ActiveRecord+NSManagedObject.swift */; };
		0CD8CB1F28B970F4007901B2 /* Session.swift in Sources */ = {isa = PBXBuildFile; fileRef = 0CD8CB1E28B970F4007901B2 /* Session.swift */; };
		0CD8CB2628B97168007901B2 /* User+CoreDataClass.swift in Sources */ = {isa = PBXBuildFile; fileRef = 0CD8CB2428B97168007901B2 /* User+CoreDataClass.swift */; };
		0CD8CB2728B97168007901B2 /* User+CoreDataProperties.swift in Sources */ = {isa = PBXBuildFile; fileRef = 0CD8CB2528B97168007901B2 /* User+CoreDataProperties.swift */; };
		0CD8CB2928B97242007901B2 /* Onboarding.storyboard in Resources */ = {isa = PBXBuildFile; fileRef = 0CD8CB2828B97242007901B2 /* Onboarding.storyboard */; };
		0CD8CB2B28B9728C007901B2 /* OnboardingViewController.swift in Sources */ = {isa = PBXBuildFile; fileRef = 0CD8CB2A28B9728C007901B2 /* OnboardingViewController.swift */; };
		0CD8CB2D28B97373007901B2 /* Home.storyboard in Resources */ = {isa = PBXBuildFile; fileRef = 0CD8CB2C28B97373007901B2 /* Home.storyboard */; };
		0CD8CB3028B9A9DC007901B2 /* PageViewController.swift in Sources */ = {isa = PBXBuildFile; fileRef = 0CD8CB2E28B9A9DC007901B2 /* PageViewController.swift */; };
		0CD8CB3128B9A9DC007901B2 /* PageViewController.xib in Resources */ = {isa = PBXBuildFile; fileRef = 0CD8CB2F28B9A9DC007901B2 /* PageViewController.xib */; };
		0CD8CB3328B9AE40007901B2 /* Colors.xcassets in Resources */ = {isa = PBXBuildFile; fileRef = 0CD8CB3228B9AE40007901B2 /* Colors.xcassets */; };
		0CD8CB3628B9C69C007901B2 /* OnboardingDelegate.swift in Sources */ = {isa = PBXBuildFile; fileRef = 0CD8CB3528B9C69C007901B2 /* OnboardingDelegate.swift */; };
		0CD8CB3828BA3F13007901B2 /* BikeTracker.sqlite in Resources */ = {isa = PBXBuildFile; fileRef = 0CD8CB3728BA3F06007901B2 /* BikeTracker.sqlite */; };
/* End PBXBuildFile section */

/* Begin PBXContainerItemProxy section */
		0CD8CAE528B91466007901B2 /* PBXContainerItemProxy */ = {
			isa = PBXContainerItemProxy;
			containerPortal = 0CD8CAC328B91463007901B2 /* Project object */;
			proxyType = 1;
			remoteGlobalIDString = 0CD8CACA28B91463007901B2;
			remoteInfo = BikeTracker;
		};
		0CD8CAEF28B91466007901B2 /* PBXContainerItemProxy */ = {
			isa = PBXContainerItemProxy;
			containerPortal = 0CD8CAC328B91463007901B2 /* Project object */;
			proxyType = 1;
			remoteGlobalIDString = 0CD8CACA28B91463007901B2;
			remoteInfo = BikeTracker;
		};
/* End PBXContainerItemProxy section */

/* Begin PBXFileReference section */
		0CD8CACB28B91463007901B2 /* BikeTracker.app */ = {isa = PBXFileReference; explicitFileType = wrapper.application; includeInIndex = 0; path = BikeTracker.app; sourceTree = BUILT_PRODUCTS_DIR; };
		0CD8CACE28B91463007901B2 /* AppDelegate.swift */ = {isa = PBXFileReference; lastKnownFileType = sourcecode.swift; path = AppDelegate.swift; sourceTree = "<group>"; };
		0CD8CAD028B91463007901B2 /* SceneDelegate.swift */ = {isa = PBXFileReference; lastKnownFileType = sourcecode.swift; path = SceneDelegate.swift; sourceTree = "<group>"; };
		0CD8CAD228B91463007901B2 /* RootViewController.swift */ = {isa = PBXFileReference; lastKnownFileType = sourcecode.swift; path = RootViewController.swift; sourceTree = "<group>"; };
		0CD8CAD528B91463007901B2 /* Base */ = {isa = PBXFileReference; lastKnownFileType = file.storyboard; name = Base; path = Base.lproj/Main.storyboard; sourceTree = "<group>"; };
		0CD8CAD828B91463007901B2 /* BikeTracker.xcdatamodel */ = {isa = PBXFileReference; lastKnownFileType = wrapper.xcdatamodel; path = BikeTracker.xcdatamodel; sourceTree = "<group>"; };
		0CD8CADA28B91466007901B2 /* Assets.xcassets */ = {isa = PBXFileReference; lastKnownFileType = folder.assetcatalog; path = Assets.xcassets; sourceTree = "<group>"; };
		0CD8CADD28B91466007901B2 /* Base */ = {isa = PBXFileReference; lastKnownFileType = file.storyboard; name = Base; path = Base.lproj/LaunchScreen.storyboard; sourceTree = "<group>"; };
		0CD8CADF28B91466007901B2 /* Info.plist */ = {isa = PBXFileReference; lastKnownFileType = text.plist.xml; path = Info.plist; sourceTree = "<group>"; };
		0CD8CAE428B91466007901B2 /* BikeTrackerTests.xctest */ = {isa = PBXFileReference; explicitFileType = wrapper.cfbundle; includeInIndex = 0; path = BikeTrackerTests.xctest; sourceTree = BUILT_PRODUCTS_DIR; };
		0CD8CAE828B91466007901B2 /* BikeTrackerTests.swift */ = {isa = PBXFileReference; lastKnownFileType = sourcecode.swift; path = BikeTrackerTests.swift; sourceTree = "<group>"; };
		0CD8CAEE28B91466007901B2 /* BikeTrackerUITests.xctest */ = {isa = PBXFileReference; explicitFileType = wrapper.cfbundle; includeInIndex = 0; path = BikeTrackerUITests.xctest; sourceTree = BUILT_PRODUCTS_DIR; };
		0CD8CAF228B91466007901B2 /* BikeTrackerUITests.swift */ = {isa = PBXFileReference; lastKnownFileType = sourcecode.swift; path = BikeTrackerUITests.swift; sourceTree = "<group>"; };
		0CD8CAF428B91466007901B2 /* BikeTrackerUITestsLaunchTests.swift */ = {isa = PBXFileReference; lastKnownFileType = sourcecode.swift; path = BikeTrackerUITestsLaunchTests.swift; sourceTree = "<group>"; };
		0CD8CB0E28B91E21007901B2 /* Onboarding+CoreDataClass.swift */ = {isa = PBXFileReference; fileEncoding = 4; lastKnownFileType = sourcecode.swift; path = "Onboarding+CoreDataClass.swift"; sourceTree = "<group>"; };
		0CD8CB0F28B91E21007901B2 /* Onboarding+CoreDataProperties.swift */ = {isa = PBXFileReference; fileEncoding = 4; lastKnownFileType = sourcecode.swift; path = "Onboarding+CoreDataProperties.swift"; sourceTree = "<group>"; };
		0CD8CB1328B91EA4007901B2 /* LocalDataManager.swift */ = {isa = PBXFileReference; lastKnownFileType = sourcecode.swift; path = LocalDataManager.swift; sourceTree = "<group>"; };
		0CD8CB1528B91F08007901B2 /* ActiveRecord+NSManagedObject.swift */ = {isa = PBXFileReference; lastKnownFileType = sourcecode.swift; path = "ActiveRecord+NSManagedObject.swift"; sourceTree = "<group>"; };
		0CD8CB1E28B970F4007901B2 /* Session.swift */ = {isa = PBXFileReference; lastKnownFileType = sourcecode.swift; path = Session.swift; sourceTree = "<group>"; };
		0CD8CB2428B97168007901B2 /* User+CoreDataClass.swift */ = {isa = PBXFileReference; fileEncoding = 4; lastKnownFileType = sourcecode.swift; path = "User+CoreDataClass.swift"; sourceTree = "<group>"; };
		0CD8CB2528B97168007901B2 /* User+CoreDataProperties.swift */ = {isa = PBXFileReference; fileEncoding = 4; lastKnownFileType = sourcecode.swift; path = "User+CoreDataProperties.swift"; sourceTree = "<group>"; };
		0CD8CB2828B97242007901B2 /* Onboarding.storyboard */ = {isa = PBXFileReference; lastKnownFileType = file.storyboard; path = Onboarding.storyboard; sourceTree = "<group>"; };
		0CD8CB2A28B9728C007901B2 /* OnboardingViewController.swift */ = {isa = PBXFileReference; lastKnownFileType = sourcecode.swift; path = OnboardingViewController.swift; sourceTree = "<group>"; };
		0CD8CB2C28B97373007901B2 /* Home.storyboard */ = {isa = PBXFileReference; lastKnownFileType = file.storyboard; path = Home.storyboard; sourceTree = "<group>"; };
		0CD8CB2E28B9A9DC007901B2 /* PageViewController.swift */ = {isa = PBXFileReference; lastKnownFileType = sourcecode.swift; path = PageViewController.swift; sourceTree = "<group>"; };
		0CD8CB2F28B9A9DC007901B2 /* PageViewController.xib */ = {isa = PBXFileReference; lastKnownFileType = file.xib; path = PageViewController.xib; sourceTree = "<group>"; };
		0CD8CB3228B9AE40007901B2 /* Colors.xcassets */ = {isa = PBXFileReference; lastKnownFileType = folder.assetcatalog; path = Colors.xcassets; sourceTree = "<group>"; };
		0CD8CB3528B9C69C007901B2 /* OnboardingDelegate.swift */ = {isa = PBXFileReference; lastKnownFileType = sourcecode.swift; path = OnboardingDelegate.swift; sourceTree = "<group>"; };
		0CD8CB3728BA3F06007901B2 /* BikeTracker.sqlite */ = {isa = PBXFileReference; lastKnownFileType = file; path = BikeTracker.sqlite; sourceTree = "<group>"; };
/* End PBXFileReference section */

/* Begin PBXFrameworksBuildPhase section */
		0CD8CAC828B91463007901B2 /* Frameworks */ = {
			isa = PBXFrameworksBuildPhase;
			buildActionMask = 2147483647;
			files = (
			);
			runOnlyForDeploymentPostprocessing = 0;
		};
		0CD8CAE128B91466007901B2 /* Frameworks */ = {
			isa = PBXFrameworksBuildPhase;
			buildActionMask = 2147483647;
			files = (
			);
			runOnlyForDeploymentPostprocessing = 0;
		};
		0CD8CAEB28B91466007901B2 /* Frameworks */ = {
			isa = PBXFrameworksBuildPhase;
			buildActionMask = 2147483647;
			files = (
			);
			runOnlyForDeploymentPostprocessing = 0;
		};
/* End PBXFrameworksBuildPhase section */

/* Begin PBXGroup section */
		0CD8CAC228B91463007901B2 = {
			isa = PBXGroup;
			children = (
				0CD8CACD28B91463007901B2 /* BikeTracker */,
				0CD8CAE728B91466007901B2 /* BikeTrackerTests */,
				0CD8CAF128B91466007901B2 /* BikeTrackerUITests */,
				0CD8CACC28B91463007901B2 /* Products */,
			);
			sourceTree = "<group>";
		};
		0CD8CACC28B91463007901B2 /* Products */ = {
			isa = PBXGroup;
			children = (
				0CD8CACB28B91463007901B2 /* BikeTracker.app */,
				0CD8CAE428B91466007901B2 /* BikeTrackerTests.xctest */,
				0CD8CAEE28B91466007901B2 /* BikeTrackerUITests.xctest */,
			);
			name = Products;
			sourceTree = "<group>";
		};
		0CD8CACD28B91463007901B2 /* BikeTracker */ = {
			isa = PBXGroup;
			children = (
				0CD8CB3428B9C682007901B2 /* Protocols */,
				0CD8CB1728B95B5E007901B2 /* Seed */,
				0CD8CB1228B91E63007901B2 /* CoreDataStack */,
				0CD8CB0D28B91DB9007901B2 /* Models */,
				0CD8CB0428B9160E007901B2 /* Delegate */,
				0CD8CB0328B915AA007901B2 /* StoryBoards */,
				0CD8CB0228B9158F007901B2 /* Views */,
				0CD8CB0128B9157B007901B2 /* Controllers */,
				0CD8CADA28B91466007901B2 /* Assets.xcassets */,
				0CD8CADF28B91466007901B2 /* Info.plist */,
				0CD8CAD728B91463007901B2 /* BikeTracker.xcdatamodeld */,
				0CD8CB3228B9AE40007901B2 /* Colors.xcassets */,
			);
			path = BikeTracker;
			sourceTree = "<group>";
		};
		0CD8CAE728B91466007901B2 /* BikeTrackerTests */ = {
			isa = PBXGroup;
			children = (
				0CD8CAE828B91466007901B2 /* BikeTrackerTests.swift */,
			);
			path = BikeTrackerTests;
			sourceTree = "<group>";
		};
		0CD8CAF128B91466007901B2 /* BikeTrackerUITests */ = {
			isa = PBXGroup;
			children = (
				0CD8CAF228B91466007901B2 /* BikeTrackerUITests.swift */,
				0CD8CAF428B91466007901B2 /* BikeTrackerUITestsLaunchTests.swift */,
			);
			path = BikeTrackerUITests;
			sourceTree = "<group>";
		};
		0CD8CB0128B9157B007901B2 /* Controllers */ = {
			isa = PBXGroup;
			children = (
				0CD8CAD228B91463007901B2 /* RootViewController.swift */,
				0CD8CB2A28B9728C007901B2 /* OnboardingViewController.swift */,
				0CD8CB2E28B9A9DC007901B2 /* PageViewController.swift */,
			);
			path = Controllers;
			sourceTree = "<group>";
		};
		0CD8CB0228B9158F007901B2 /* Views */ = {
			isa = PBXGroup;
			children = (
				0CD8CB2F28B9A9DC007901B2 /* PageViewController.xib */,
			);
			path = Views;
			sourceTree = "<group>";
		};
		0CD8CB0328B915AA007901B2 /* StoryBoards */ = {
			isa = PBXGroup;
			children = (
				0CD8CAD428B91463007901B2 /* Main.storyboard */,
				0CD8CADC28B91466007901B2 /* LaunchScreen.storyboard */,
				0CD8CB2828B97242007901B2 /* Onboarding.storyboard */,
				0CD8CB2C28B97373007901B2 /* Home.storyboard */,
			);
			path = StoryBoards;
			sourceTree = "<group>";
		};
		0CD8CB0428B9160E007901B2 /* Delegate */ = {
			isa = PBXGroup;
			children = (
				0CD8CAD028B91463007901B2 /* SceneDelegate.swift */,
				0CD8CACE28B91463007901B2 /* AppDelegate.swift */,
			);
			path = Delegate;
			sourceTree = "<group>";
		};
		0CD8CB0D28B91DB9007901B2 /* Models */ = {
			isa = PBXGroup;
			children = (
				0CD8CB2428B97168007901B2 /* User+CoreDataClass.swift */,
				0CD8CB2528B97168007901B2 /* User+CoreDataProperties.swift */,
				0CD8CB0E28B91E21007901B2 /* Onboarding+CoreDataClass.swift */,
				0CD8CB0F28B91E21007901B2 /* Onboarding+CoreDataProperties.swift */,
				0CD8CB1E28B970F4007901B2 /* Session.swift */,
			);
			path = Models;
			sourceTree = "<group>";
		};
		0CD8CB1228B91E63007901B2 /* CoreDataStack */ = {
			isa = PBXGroup;
			children = (
				0CD8CB1328B91EA4007901B2 /* LocalDataManager.swift */,
				0CD8CB1528B91F08007901B2 /* ActiveRecord+NSManagedObject.swift */,
			);
			path = CoreDataStack;
			sourceTree = "<group>";
		};
		0CD8CB1728B95B5E007901B2 /* Seed */ = {
			isa = PBXGroup;
			children = (
				0CD8CB3728BA3F06007901B2 /* BikeTracker.sqlite */,
			);
			path = Seed;
			sourceTree = "<group>";
		};
		0CD8CB3428B9C682007901B2 /* Protocols */ = {
			isa = PBXGroup;
			children = (
				0CD8CB3528B9C69C007901B2 /* OnboardingDelegate.swift */,
			);
			path = Protocols;
			sourceTree = "<group>";
		};
/* End PBXGroup section */

/* Begin PBXNativeTarget section */
		0CD8CACA28B91463007901B2 /* BikeTracker */ = {
			isa = PBXNativeTarget;
			buildConfigurationList = 0CD8CAF828B91466007901B2 /* Build configuration list for PBXNativeTarget "BikeTracker" */;
			buildPhases = (
				0CD8CAC728B91463007901B2 /* Sources */,
				0CD8CAC828B91463007901B2 /* Frameworks */,
				0CD8CAC928B91463007901B2 /* Resources */,
				0CD8CB0828B917E1007901B2 /* Run SwiftLint */,
			);
			buildRules = (
			);
			dependencies = (
			);
			name = BikeTracker;
			packageProductDependencies = (
			);
			productName = BikeTracker;
			productReference = 0CD8CACB28B91463007901B2 /* BikeTracker.app */;
			productType = "com.apple.product-type.application";
		};
		0CD8CAE328B91466007901B2 /* BikeTrackerTests */ = {
			isa = PBXNativeTarget;
			buildConfigurationList = 0CD8CAFB28B91466007901B2 /* Build configuration list for PBXNativeTarget "BikeTrackerTests" */;
			buildPhases = (
				0CD8CAE028B91466007901B2 /* Sources */,
				0CD8CAE128B91466007901B2 /* Frameworks */,
				0CD8CAE228B91466007901B2 /* Resources */,
			);
			buildRules = (
			);
			dependencies = (
				0CD8CAE628B91466007901B2 /* PBXTargetDependency */,
			);
			name = BikeTrackerTests;
			productName = BikeTrackerTests;
			productReference = 0CD8CAE428B91466007901B2 /* BikeTrackerTests.xctest */;
			productType = "com.apple.product-type.bundle.unit-test";
		};
		0CD8CAED28B91466007901B2 /* BikeTrackerUITests */ = {
			isa = PBXNativeTarget;
			buildConfigurationList = 0CD8CAFE28B91466007901B2 /* Build configuration list for PBXNativeTarget "BikeTrackerUITests" */;
			buildPhases = (
				0CD8CAEA28B91466007901B2 /* Sources */,
				0CD8CAEB28B91466007901B2 /* Frameworks */,
				0CD8CAEC28B91466007901B2 /* Resources */,
			);
			buildRules = (
			);
			dependencies = (
				0CD8CAF028B91466007901B2 /* PBXTargetDependency */,
			);
			name = BikeTrackerUITests;
			productName = BikeTrackerUITests;
			productReference = 0CD8CAEE28B91466007901B2 /* BikeTrackerUITests.xctest */;
			productType = "com.apple.product-type.bundle.ui-testing";
		};
/* End PBXNativeTarget section */

/* Begin PBXProject section */
		0CD8CAC328B91463007901B2 /* Project object */ = {
			isa = PBXProject;
			attributes = {
				BuildIndependentTargetsInParallel = 1;
				LastSwiftUpdateCheck = 1340;
				LastUpgradeCheck = 1340;
				TargetAttributes = {
					0CD8CACA28B91463007901B2 = {
						CreatedOnToolsVersion = 13.4.1;
					};
					0CD8CAE328B91466007901B2 = {
						CreatedOnToolsVersion = 13.4.1;
						TestTargetID = 0CD8CACA28B91463007901B2;
					};
					0CD8CAED28B91466007901B2 = {
						CreatedOnToolsVersion = 13.4.1;
						TestTargetID = 0CD8CACA28B91463007901B2;
					};
				};
			};
			buildConfigurationList = 0CD8CAC628B91463007901B2 /* Build configuration list for PBXProject "BikeTracker" */;
			compatibilityVersion = "Xcode 13.0";
			developmentRegion = en;
			hasScannedForEncodings = 0;
			knownRegions = (
				en,
				Base,
			);
			mainGroup = 0CD8CAC228B91463007901B2;
			packageReferences = (
			);
			productRefGroup = 0CD8CACC28B91463007901B2 /* Products */;
			projectDirPath = "";
			projectRoot = "";
			targets = (
				0CD8CACA28B91463007901B2 /* BikeTracker */,
				0CD8CAE328B91466007901B2 /* BikeTrackerTests */,
				0CD8CAED28B91466007901B2 /* BikeTrackerUITests */,
			);
		};
/* End PBXProject section */

/* Begin PBXResourcesBuildPhase section */
		0CD8CAC928B91463007901B2 /* Resources */ = {
			isa = PBXResourcesBuildPhase;
			buildActionMask = 2147483647;
			files = (
				0CD8CB3828BA3F13007901B2 /* BikeTracker.sqlite in Resources */,
				0CD8CB2928B97242007901B2 /* Onboarding.storyboard in Resources */,
				0CD8CB3128B9A9DC007901B2 /* PageViewController.xib in Resources */,
				0CD8CADE28B91466007901B2 /* LaunchScreen.storyboard in Resources */,
				0CD8CB2D28B97373007901B2 /* Home.storyboard in Resources */,
				0CD8CB3328B9AE40007901B2 /* Colors.xcassets in Resources */,
				0CD8CADB28B91466007901B2 /* Assets.xcassets in Resources */,
				0CD8CAD628B91463007901B2 /* Main.storyboard in Resources */,
			);
			runOnlyForDeploymentPostprocessing = 0;
		};
		0CD8CAE228B91466007901B2 /* Resources */ = {
			isa = PBXResourcesBuildPhase;
			buildActionMask = 2147483647;
			files = (
			);
			runOnlyForDeploymentPostprocessing = 0;
		};
		0CD8CAEC28B91466007901B2 /* Resources */ = {
			isa = PBXResourcesBuildPhase;
			buildActionMask = 2147483647;
			files = (
			);
			runOnlyForDeploymentPostprocessing = 0;
		};
/* End PBXResourcesBuildPhase section */

/* Begin PBXShellScriptBuildPhase section */
		0CD8CB0828B917E1007901B2 /* Run SwiftLint */ = {
			isa = PBXShellScriptBuildPhase;
			buildActionMask = 2147483647;
			files = (
			);
			inputFileListPaths = (
			);
			inputPaths = (
			);
			name = "Run SwiftLint";
			outputFileListPaths = (
			);
			outputPaths = (
			);
			runOnlyForDeploymentPostprocessing = 0;
			shellPath = /bin/sh;
			shellScript = "if which swiftlint > /dev/null; then\n  swiftlint\nelse\n  echo \"warning: SwiftLint not installed, download from https://github.com/realm/SwiftLint\"\nfi\n";
		};
/* End PBXShellScriptBuildPhase section */

/* Begin PBXSourcesBuildPhase section */
		0CD8CAC728B91463007901B2 /* Sources */ = {
			isa = PBXSourcesBuildPhase;
			buildActionMask = 2147483647;
			files = (
				0CD8CB1628B91F08007901B2 /* ActiveRecord+NSManagedObject.swift in Sources */,
				0CD8CAD328B91463007901B2 /* RootViewController.swift in Sources */,
				0CD8CB1428B91EA4007901B2 /* LocalDataManager.swift in Sources */,
				0CD8CACF28B91463007901B2 /* AppDelegate.swift in Sources */,
				0CD8CB2628B97168007901B2 /* User+CoreDataClass.swift in Sources */,
				0CD8CB1128B91E21007901B2 /* Onboarding+CoreDataProperties.swift in Sources */,
				0CD8CAD128B91463007901B2 /* SceneDelegate.swift in Sources */,
				0CD8CB2B28B9728C007901B2 /* OnboardingViewController.swift in Sources */,
				0CD8CB2728B97168007901B2 /* User+CoreDataProperties.swift in Sources */,
				0CD8CB1028B91E21007901B2 /* Onboarding+CoreDataClass.swift in Sources */,
				0CD8CB3628B9C69C007901B2 /* OnboardingDelegate.swift in Sources */,
				0CD8CB3028B9A9DC007901B2 /* PageViewController.swift in Sources */,
				0CD8CAD928B91463007901B2 /* BikeTracker.xcdatamodeld in Sources */,
				0CD8CB1F28B970F4007901B2 /* Session.swift in Sources */,
			);
			runOnlyForDeploymentPostprocessing = 0;
		};
		0CD8CAE028B91466007901B2 /* Sources */ = {
			isa = PBXSourcesBuildPhase;
			buildActionMask = 2147483647;
			files = (
				0CD8CAE928B91466007901B2 /* BikeTrackerTests.swift in Sources */,
			);
			runOnlyForDeploymentPostprocessing = 0;
		};
		0CD8CAEA28B91466007901B2 /* Sources */ = {
			isa = PBXSourcesBuildPhase;
			buildActionMask = 2147483647;
			files = (
				0CD8CAF528B91466007901B2 /* BikeTrackerUITestsLaunchTests.swift in Sources */,
				0CD8CAF328B91466007901B2 /* BikeTrackerUITests.swift in Sources */,
			);
			runOnlyForDeploymentPostprocessing = 0;
		};
/* End PBXSourcesBuildPhase section */

/* Begin PBXTargetDependency section */
		0CD8CAE628B91466007901B2 /* PBXTargetDependency */ = {
			isa = PBXTargetDependency;
			target = 0CD8CACA28B91463007901B2 /* BikeTracker */;
			targetProxy = 0CD8CAE528B91466007901B2 /* PBXContainerItemProxy */;
		};
		0CD8CAF028B91466007901B2 /* PBXTargetDependency */ = {
			isa = PBXTargetDependency;
			target = 0CD8CACA28B91463007901B2 /* BikeTracker */;
			targetProxy = 0CD8CAEF28B91466007901B2 /* PBXContainerItemProxy */;
		};
/* End PBXTargetDependency section */

/* Begin PBXVariantGroup section */
		0CD8CAD428B91463007901B2 /* Main.storyboard */ = {
			isa = PBXVariantGroup;
			children = (
				0CD8CAD528B91463007901B2 /* Base */,
			);
			name = Main.storyboard;
			sourceTree = "<group>";
		};
		0CD8CADC28B91466007901B2 /* LaunchScreen.storyboard */ = {
			isa = PBXVariantGroup;
			children = (
				0CD8CADD28B91466007901B2 /* Base */,
			);
			name = LaunchScreen.storyboard;
			sourceTree = "<group>";
		};
/* End PBXVariantGroup section */

/* Begin XCBuildConfiguration section */
		0CD8CAF628B91466007901B2 /* Debug */ = {
			isa = XCBuildConfiguration;
			buildSettings = {
				ALWAYS_SEARCH_USER_PATHS = NO;
				CLANG_ANALYZER_NONNULL = YES;
				CLANG_ANALYZER_NUMBER_OBJECT_CONVERSION = YES_AGGRESSIVE;
				CLANG_CXX_LANGUAGE_STANDARD = "gnu++17";
				CLANG_ENABLE_MODULES = YES;
				CLANG_ENABLE_OBJC_ARC = YES;
				CLANG_ENABLE_OBJC_WEAK = YES;
				CLANG_WARN_BLOCK_CAPTURE_AUTORELEASING = YES;
				CLANG_WARN_BOOL_CONVERSION = YES;
				CLANG_WARN_COMMA = YES;
				CLANG_WARN_CONSTANT_CONVERSION = YES;
				CLANG_WARN_DEPRECATED_OBJC_IMPLEMENTATIONS = YES;
				CLANG_WARN_DIRECT_OBJC_ISA_USAGE = YES_ERROR;
				CLANG_WARN_DOCUMENTATION_COMMENTS = YES;
				CLANG_WARN_EMPTY_BODY = YES;
				CLANG_WARN_ENUM_CONVERSION = YES;
				CLANG_WARN_INFINITE_RECURSION = YES;
				CLANG_WARN_INT_CONVERSION = YES;
				CLANG_WARN_NON_LITERAL_NULL_CONVERSION = YES;
				CLANG_WARN_OBJC_IMPLICIT_RETAIN_SELF = YES;
				CLANG_WARN_OBJC_LITERAL_CONVERSION = YES;
				CLANG_WARN_OBJC_ROOT_CLASS = YES_ERROR;
				CLANG_WARN_QUOTED_INCLUDE_IN_FRAMEWORK_HEADER = YES;
				CLANG_WARN_RANGE_LOOP_ANALYSIS = YES;
				CLANG_WARN_STRICT_PROTOTYPES = YES;
				CLANG_WARN_SUSPICIOUS_MOVE = YES;
				CLANG_WARN_UNGUARDED_AVAILABILITY = YES_AGGRESSIVE;
				CLANG_WARN_UNREACHABLE_CODE = YES;
				CLANG_WARN__DUPLICATE_METHOD_MATCH = YES;
				COPY_PHASE_STRIP = NO;
				DEBUG_INFORMATION_FORMAT = dwarf;
				ENABLE_STRICT_OBJC_MSGSEND = YES;
				ENABLE_TESTABILITY = YES;
				GCC_C_LANGUAGE_STANDARD = gnu11;
				GCC_DYNAMIC_NO_PIC = NO;
				GCC_NO_COMMON_BLOCKS = YES;
				GCC_OPTIMIZATION_LEVEL = 0;
				GCC_PREPROCESSOR_DEFINITIONS = (
					"DEBUG=1",
					"$(inherited)",
				);
				GCC_WARN_64_TO_32_BIT_CONVERSION = YES;
				GCC_WARN_ABOUT_RETURN_TYPE = YES_ERROR;
				GCC_WARN_UNDECLARED_SELECTOR = YES;
				GCC_WARN_UNINITIALIZED_AUTOS = YES_AGGRESSIVE;
				GCC_WARN_UNUSED_FUNCTION = YES;
				GCC_WARN_UNUSED_VARIABLE = YES;
				IPHONEOS_DEPLOYMENT_TARGET = 15.5;
				MTL_ENABLE_DEBUG_INFO = INCLUDE_SOURCE;
				MTL_FAST_MATH = YES;
				ONLY_ACTIVE_ARCH = YES;
				SDKROOT = iphoneos;
				SWIFT_ACTIVE_COMPILATION_CONDITIONS = DEBUG;
				SWIFT_OPTIMIZATION_LEVEL = "-Onone";
			};
			name = Debug;
		};
		0CD8CAF728B91466007901B2 /* Release */ = {
			isa = XCBuildConfiguration;
			buildSettings = {
				ALWAYS_SEARCH_USER_PATHS = NO;
				CLANG_ANALYZER_NONNULL = YES;
				CLANG_ANALYZER_NUMBER_OBJECT_CONVERSION = YES_AGGRESSIVE;
				CLANG_CXX_LANGUAGE_STANDARD = "gnu++17";
				CLANG_ENABLE_MODULES = YES;
				CLANG_ENABLE_OBJC_ARC = YES;
				CLANG_ENABLE_OBJC_WEAK = YES;
				CLANG_WARN_BLOCK_CAPTURE_AUTORELEASING = YES;
				CLANG_WARN_BOOL_CONVERSION = YES;
				CLANG_WARN_COMMA = YES;
				CLANG_WARN_CONSTANT_CONVERSION = YES;
				CLANG_WARN_DEPRECATED_OBJC_IMPLEMENTATIONS = YES;
				CLANG_WARN_DIRECT_OBJC_ISA_USAGE = YES_ERROR;
				CLANG_WARN_DOCUMENTATION_COMMENTS = YES;
				CLANG_WARN_EMPTY_BODY = YES;
				CLANG_WARN_ENUM_CONVERSION = YES;
				CLANG_WARN_INFINITE_RECURSION = YES;
				CLANG_WARN_INT_CONVERSION = YES;
				CLANG_WARN_NON_LITERAL_NULL_CONVERSION = YES;
				CLANG_WARN_OBJC_IMPLICIT_RETAIN_SELF = YES;
				CLANG_WARN_OBJC_LITERAL_CONVERSION = YES;
				CLANG_WARN_OBJC_ROOT_CLASS = YES_ERROR;
				CLANG_WARN_QUOTED_INCLUDE_IN_FRAMEWORK_HEADER = YES;
				CLANG_WARN_RANGE_LOOP_ANALYSIS = YES;
				CLANG_WARN_STRICT_PROTOTYPES = YES;
				CLANG_WARN_SUSPICIOUS_MOVE = YES;
				CLANG_WARN_UNGUARDED_AVAILABILITY = YES_AGGRESSIVE;
				CLANG_WARN_UNREACHABLE_CODE = YES;
				CLANG_WARN__DUPLICATE_METHOD_MATCH = YES;
				COPY_PHASE_STRIP = NO;
				DEBUG_INFORMATION_FORMAT = "dwarf-with-dsym";
				ENABLE_NS_ASSERTIONS = NO;
				ENABLE_STRICT_OBJC_MSGSEND = YES;
				GCC_C_LANGUAGE_STANDARD = gnu11;
				GCC_NO_COMMON_BLOCKS = YES;
				GCC_WARN_64_TO_32_BIT_CONVERSION = YES;
				GCC_WARN_ABOUT_RETURN_TYPE = YES_ERROR;
				GCC_WARN_UNDECLARED_SELECTOR = YES;
				GCC_WARN_UNINITIALIZED_AUTOS = YES_AGGRESSIVE;
				GCC_WARN_UNUSED_FUNCTION = YES;
				GCC_WARN_UNUSED_VARIABLE = YES;
				IPHONEOS_DEPLOYMENT_TARGET = 15.5;
				MTL_ENABLE_DEBUG_INFO = NO;
				MTL_FAST_MATH = YES;
				SDKROOT = iphoneos;
				SWIFT_COMPILATION_MODE = wholemodule;
				SWIFT_OPTIMIZATION_LEVEL = "-O";
				VALIDATE_PRODUCT = YES;
			};
			name = Release;
		};
		0CD8CAF928B91466007901B2 /* Debug */ = {
			isa = XCBuildConfiguration;
			buildSettings = {
				ASSETCATALOG_COMPILER_APPICON_NAME = AppIcon;
				ASSETCATALOG_COMPILER_GLOBAL_ACCENT_COLOR_NAME = AccentColor;
				CODE_SIGN_STYLE = Automatic;
				CURRENT_PROJECT_VERSION = 1;
				DEVELOPMENT_TEAM = 6U55YPQQ7X;
				GENERATE_INFOPLIST_FILE = YES;
				INFOPLIST_FILE = BikeTracker/Info.plist;
				INFOPLIST_KEY_UIApplicationSupportsIndirectInputEvents = YES;
				INFOPLIST_KEY_UILaunchStoryboardName = LaunchScreen;
				INFOPLIST_KEY_UIMainStoryboardFile = Main;
				INFOPLIST_KEY_UISupportedInterfaceOrientations_iPad = "UIInterfaceOrientationPortrait UIInterfaceOrientationPortraitUpsideDown UIInterfaceOrientationLandscapeLeft UIInterfaceOrientationLandscapeRight";
				INFOPLIST_KEY_UISupportedInterfaceOrientations_iPhone = "UIInterfaceOrientationPortrait UIInterfaceOrientationLandscapeLeft UIInterfaceOrientationLandscapeRight";
				LD_RUNPATH_SEARCH_PATHS = (
					"$(inherited)",
					"@executable_path/Frameworks",
				);
				MARKETING_VERSION = 1.0;
				PRODUCT_BUNDLE_IDENTIFIER = com.misaelpc.project.BikeTracker;
				PRODUCT_NAME = "$(TARGET_NAME)";
				SWIFT_EMIT_LOC_STRINGS = YES;
				SWIFT_VERSION = 5.0;
				TARGETED_DEVICE_FAMILY = "1,2";
			};
			name = Debug;
		};
		0CD8CAFA28B91466007901B2 /* Release */ = {
			isa = XCBuildConfiguration;
			buildSettings = {
				ASSETCATALOG_COMPILER_APPICON_NAME = AppIcon;
				ASSETCATALOG_COMPILER_GLOBAL_ACCENT_COLOR_NAME = AccentColor;
				CODE_SIGN_STYLE = Automatic;
				CURRENT_PROJECT_VERSION = 1;
				DEVELOPMENT_TEAM = 6U55YPQQ7X;
				GENERATE_INFOPLIST_FILE = YES;
				INFOPLIST_FILE = BikeTracker/Info.plist;
				INFOPLIST_KEY_UIApplicationSupportsIndirectInputEvents = YES;
				INFOPLIST_KEY_UILaunchStoryboardName = LaunchScreen;
				INFOPLIST_KEY_UIMainStoryboardFile = Main;
				INFOPLIST_KEY_UISupportedInterfaceOrientations_iPad = "UIInterfaceOrientationPortrait UIInterfaceOrientationPortraitUpsideDown UIInterfaceOrientationLandscapeLeft UIInterfaceOrientationLandscapeRight";
				INFOPLIST_KEY_UISupportedInterfaceOrientations_iPhone = "UIInterfaceOrientationPortrait UIInterfaceOrientationLandscapeLeft UIInterfaceOrientationLandscapeRight";
				LD_RUNPATH_SEARCH_PATHS = (
					"$(inherited)",
					"@executable_path/Frameworks",
				);
				MARKETING_VERSION = 1.0;
				PRODUCT_BUNDLE_IDENTIFIER = com.misaelpc.project.BikeTracker;
				PRODUCT_NAME = "$(TARGET_NAME)";
				SWIFT_EMIT_LOC_STRINGS = YES;
				SWIFT_VERSION = 5.0;
				TARGETED_DEVICE_FAMILY = "1,2";
			};
			name = Release;
		};
		0CD8CAFC28B91466007901B2 /* Debug */ = {
			isa = XCBuildConfiguration;
			buildSettings = {
				ALWAYS_EMBED_SWIFT_STANDARD_LIBRARIES = YES;
				BUNDLE_LOADER = "$(TEST_HOST)";
				CODE_SIGN_STYLE = Automatic;
				CURRENT_PROJECT_VERSION = 1;
				DEVELOPMENT_TEAM = 6U55YPQQ7X;
				GENERATE_INFOPLIST_FILE = YES;
				IPHONEOS_DEPLOYMENT_TARGET = 15.5;
				MARKETING_VERSION = 1.0;
				PRODUCT_BUNDLE_IDENTIFIER = com.misaelpc.project.BikeTrackerTests;
				PRODUCT_NAME = "$(TARGET_NAME)";
				SWIFT_EMIT_LOC_STRINGS = NO;
				SWIFT_VERSION = 5.0;
				TARGETED_DEVICE_FAMILY = "1,2";
				TEST_HOST = "$(BUILT_PRODUCTS_DIR)/BikeTracker.app/BikeTracker";
			};
			name = Debug;
		};
		0CD8CAFD28B91466007901B2 /* Release */ = {
			isa = XCBuildConfiguration;
			buildSettings = {
				ALWAYS_EMBED_SWIFT_STANDARD_LIBRARIES = YES;
				BUNDLE_LOADER = "$(TEST_HOST)";
				CODE_SIGN_STYLE = Automatic;
				CURRENT_PROJECT_VERSION = 1;
				DEVELOPMENT_TEAM = 6U55YPQQ7X;
				GENERATE_INFOPLIST_FILE = YES;
				IPHONEOS_DEPLOYMENT_TARGET = 15.5;
				MARKETING_VERSION = 1.0;
				PRODUCT_BUNDLE_IDENTIFIER = com.misaelpc.project.BikeTrackerTests;
				PRODUCT_NAME = "$(TARGET_NAME)";
				SWIFT_EMIT_LOC_STRINGS = NO;
				SWIFT_VERSION = 5.0;
				TARGETED_DEVICE_FAMILY = "1,2";
				TEST_HOST = "$(BUILT_PRODUCTS_DIR)/BikeTracker.app/BikeTracker";
			};
			name = Release;
		};
		0CD8CAFF28B91466007901B2 /* Debug */ = {
			isa = XCBuildConfiguration;
			buildSettings = {
				ALWAYS_EMBED_SWIFT_STANDARD_LIBRARIES = YES;
				CODE_SIGN_STYLE = Automatic;
				CURRENT_PROJECT_VERSION = 1;
				DEVELOPMENT_TEAM = 6U55YPQQ7X;
				GENERATE_INFOPLIST_FILE = YES;
				MARKETING_VERSION = 1.0;
				PRODUCT_BUNDLE_IDENTIFIER = com.misaelpc.project.BikeTrackerUITests;
				PRODUCT_NAME = "$(TARGET_NAME)";
				SWIFT_EMIT_LOC_STRINGS = NO;
				SWIFT_VERSION = 5.0;
				TARGETED_DEVICE_FAMILY = "1,2";
				TEST_TARGET_NAME = BikeTracker;
			};
			name = Debug;
		};
		0CD8CB0028B91466007901B2 /* Release */ = {
			isa = XCBuildConfiguration;
			buildSettings = {
				ALWAYS_EMBED_SWIFT_STANDARD_LIBRARIES = YES;
				CODE_SIGN_STYLE = Automatic;
				CURRENT_PROJECT_VERSION = 1;
				DEVELOPMENT_TEAM = 6U55YPQQ7X;
				GENERATE_INFOPLIST_FILE = YES;
				MARKETING_VERSION = 1.0;
				PRODUCT_BUNDLE_IDENTIFIER = com.misaelpc.project.BikeTrackerUITests;
				PRODUCT_NAME = "$(TARGET_NAME)";
				SWIFT_EMIT_LOC_STRINGS = NO;
				SWIFT_VERSION = 5.0;
				TARGETED_DEVICE_FAMILY = "1,2";
				TEST_TARGET_NAME = BikeTracker;
			};
			name = Release;
		};
/* End XCBuildConfiguration section */

/* Begin XCConfigurationList section */
		0CD8CAC628B91463007901B2 /* Build configuration list for PBXProject "BikeTracker" */ = {
			isa = XCConfigurationList;
			buildConfigurations = (
				0CD8CAF628B91466007901B2 /* Debug */,
				0CD8CAF728B91466007901B2 /* Release */,
			);
			defaultConfigurationIsVisible = 0;
			defaultConfigurationName = Release;
		};
		0CD8CAF828B91466007901B2 /* Build configuration list for PBXNativeTarget "BikeTracker" */ = {
			isa = XCConfigurationList;
			buildConfigurations = (
				0CD8CAF928B91466007901B2 /* Debug */,
				0CD8CAFA28B91466007901B2 /* Release */,
			);
			defaultConfigurationIsVisible = 0;
			defaultConfigurationName = Release;
		};
		0CD8CAFB28B91466007901B2 /* Build configuration list for PBXNativeTarget "BikeTrackerTests" */ = {
			isa = XCConfigurationList;
			buildConfigurations = (
				0CD8CAFC28B91466007901B2 /* Debug */,
				0CD8CAFD28B91466007901B2 /* Release */,
			);
			defaultConfigurationIsVisible = 0;
			defaultConfigurationName = Release;
		};
		0CD8CAFE28B91466007901B2 /* Build configuration list for PBXNativeTarget "BikeTrackerUITests" */ = {
			isa = XCConfigurationList;
			buildConfigurations = (
				0CD8CAFF28B91466007901B2 /* Debug */,
				0CD8CB0028B91466007901B2 /* Release */,
			);
			defaultConfigurationIsVisible = 0;
			defaultConfigurationName = Release;
		};
/* End XCConfigurationList section */

/* Begin XCVersionGroup section */
		0CD8CAD728B91463007901B2 /* BikeTracker.xcdatamodeld */ = {
			isa = XCVersionGroup;
			children = (
				0CD8CAD828B91463007901B2 /* BikeTracker.xcdatamodel */,
			);
			currentVersion = 0CD8CAD828B91463007901B2 /* BikeTracker.xcdatamodel */;
			path = BikeTracker.xcdatamodeld;
			sourceTree = "<group>";
			versionGroupType = wrapper.xcdatamodel;
		};
/* End XCVersionGroup section */
	};
	rootObject = 0CD8CAC328B91463007901B2 /* Project object */;
}
